
Microsoft Visual Studio Solution File, Format Version 12.00
# Visual Studio Version 17
VisualStudioVersion = 17.3.32819.101
MinimumVisualStudioVersion = 10.0.40219.1
Project("{2150E333-8FDC-42A3-9474-1A3956D46DE8}") = "src", "src", "{727534F0-79BA-4B81-85FE-BC656C96DDD7}"
EndProject
Project("{2150E333-8FDC-42A3-9474-1A3956D46DE8}") = "Solution Items", "Solution Items", "{796B4C7C-C0E0-4C13-978E-315F5ACC6B18}"
	ProjectSection(SolutionItems) = preProject
		ServiceURLs.txt = ServiceURLs.txt
	EndProjectSection
EndProject
Project("{2150E333-8FDC-42A3-9474-1A3956D46DE8}") = "ApiGateways", "ApiGateways", "{5C783CA8-CC76-4752-9F8F-4136B8137368}"
EndProject
Project("{2150E333-8FDC-42A3-9474-1A3956D46DE8}") = "BuildingBlocks", "BuildingBlocks", "{D1401566-1AF7-44AB-95EC-ECF8C1D44819}"
EndProject
Project("{2150E333-8FDC-42A3-9474-1A3956D46DE8}") = "Services", "Services", "{C22C9984-0E32-4C1D-A508-CF01B57CA660}"
EndProject
Project("{2150E333-8FDC-42A3-9474-1A3956D46DE8}") = "Clients", "Clients", "{9F4994BB-3309-4E97-AB0A-407FCA614DF0}"
EndProject
Project("{2150E333-8FDC-42A3-9474-1A3956D46DE8}") = "WebApiGateway", "WebApiGateway", "{9AA4996C-2651-40AB-90FA-7D12DFE594DD}"
EndProject
Project("{9A19103F-16F7-4668-BE54-9A1E7A4F7556}") = "Web.ApiGateway", "src\ApiGateways\WeApiGateway\Web.ApiGateway\Web.ApiGateway.csproj", "{4C396829-E783-44E5-80F2-88DA3218ECB0}"
EndProject
Project("{2150E333-8FDC-42A3-9474-1A3956D46DE8}") = "EventBus", "EventBus", "{4E8D6891-B4CE-48B5-B336-74B7B0C259E3}"
EndProject
Project("{9A19103F-16F7-4668-BE54-9A1E7A4F7556}") = "EventBus.Base", "src\BuildingBlocks\EventBus\EventBusBase\EventBus.Base.csproj", "{E251EC5E-99B2-41C0-93B7-EF9216D466BF}"
EndProject
Project("{9A19103F-16F7-4668-BE54-9A1E7A4F7556}") = "EventBus.Factory", "src\BuildingBlocks\EventBus\EventBus.Factory\EventBus.Factory.csproj", "{E2C7BD78-5335-47D4-9BB8-03A0388A1739}"
EndProject
Project("{9A19103F-16F7-4668-BE54-9A1E7A4F7556}") = "EventBus.AzureServiceBus", "src\BuildingBlocks\EventBus\EventBus.AzureServiceBus\EventBus.AzureServiceBus.csproj", "{AF459CFB-0194-48FF-A06C-50F17F8C8148}"
EndProject
Project("{9A19103F-16F7-4668-BE54-9A1E7A4F7556}") = "EventBus.RabbitMQ", "src\BuildingBlocks\EventBus\EventBus.RabbitMQ\EventBus.RabbitMQ.csproj", "{6C84AA8D-AC4C-492D-8965-A8CE8FF524E1}"
EndProject
Project("{2150E333-8FDC-42A3-9474-1A3956D46DE8}") = "BlazorWebApp", "BlazorWebApp", "{E83E7D5E-26D9-463C-BC5F-BBCA181BDD36}"
EndProject
Project("{9A19103F-16F7-4668-BE54-9A1E7A4F7556}") = "WebApp", "src\Clients\BlazorWebApp\WebApp\WebApp.csproj", "{61FCCE06-36D9-49B0-BA90-09049C2E3E3A}"
EndProject
Project("{2150E333-8FDC-42A3-9474-1A3956D46DE8}") = "BasketService", "BasketService", "{BDD2598F-FF0B-44E8-A038-6BD36B0D7AB8}"
EndProject
Project("{9A19103F-16F7-4668-BE54-9A1E7A4F7556}") = "BasketService.API", "src\Services\BasketService\BasketService.API\BasketService.API.csproj", "{9515D432-7224-4D2F-905A-7A4A54B28725}"
EndProject
Project("{2150E333-8FDC-42A3-9474-1A3956D46DE8}") = "IdentityService", "IdentityService", "{F1EA71B3-BC58-4E77-8EE5-4D6B3614836D}"
EndProject
Project("{9A19103F-16F7-4668-BE54-9A1E7A4F7556}") = "identityService.API", "src\Services\IdentityService\identityService.API\identityService.API.csproj", "{3B4F4268-10DD-43E6-81F1-56470B120407}"
EndProject
Project("{2150E333-8FDC-42A3-9474-1A3956D46DE8}") = "NotificationService", "NotificationService", "{7D013BAC-A346-4D99-84C4-FE19CDCDAA6F}"
EndProject
Project("{9A19103F-16F7-4668-BE54-9A1E7A4F7556}") = "NotificationService", "src\Services\NotificationService\NNotificationService\NotificationService.csproj", "{484538D6-8F49-4360-8A33-A98E8D39802E}"
EndProject
Project("{2150E333-8FDC-42A3-9474-1A3956D46DE8}") = "OrderService", "OrderService", "{F622F8F1-437D-48CD-B185-2683544078F3}"
EndProject
Project("{9A19103F-16F7-4668-BE54-9A1E7A4F7556}") = "OrderService.Domain", "src\Services\OrderService\OrderService.Domain\OrderService.Domain.csproj", "{62035894-85CF-452B-88FD-47CEBF8EDD7A}"
EndProject
Project("{9A19103F-16F7-4668-BE54-9A1E7A4F7556}") = "OrderService.Application", "src\Services\OrderService\OrderService.Application\OrderService.Application.csproj", "{8A6B2251-0BB9-487A-8AB7-B364A07C46E6}"
EndProject
Project("{9A19103F-16F7-4668-BE54-9A1E7A4F7556}") = "OrderService.Infrastructure", "src\Services\OrderService\OrderService.Infrastructure\OrderService.Infrastructure.csproj", "{F28787A8-0C2D-47B7-80E5-DB0318DECCEE}"
EndProject
Project("{9A19103F-16F7-4668-BE54-9A1E7A4F7556}") = "OrderService.API", "src\Services\OrderService\OrderService.API\OrderService.API.csproj", "{194ACFE3-2ADE-487D-88F1-4185758042F0}"
EndProject
Project("{2150E333-8FDC-42A3-9474-1A3956D46DE8}") = "PaymentService", "PaymentService", "{94C29B6B-2B3C-45C6-A7FD-340CA3A8C39A}"
EndProject
Project("{9A19103F-16F7-4668-BE54-9A1E7A4F7556}") = "PaymentService.API", "src\Services\PaymentService\PaymentService.API\PaymentService.API.csproj", "{655631FA-154E-4E0A-A646-FAD2FCAB17F0}"
EndProject
Project("{2150E333-8FDC-42A3-9474-1A3956D46DE8}") = "Tests", "Tests", "{90DF0A6F-1297-47B0-88CD-4E7C60A02A02}"
EndProject
Project("{2150E333-8FDC-42A3-9474-1A3956D46DE8}") = "BuildingBlocks", "BuildingBlocks", "{B8A9071F-059E-4686-8AC9-61D8EDE4C69A}"
EndProject
Project("{9A19103F-16F7-4668-BE54-9A1E7A4F7556}") = "EventBus.UnitTest", "EventBus.UnitTest\EventBus.UnitTest.csproj", "{CD6D93D5-ADA3-455F-9D88-F7B5901BACAF}"
EndProject
Project("{2150E333-8FDC-42A3-9474-1A3956D46DE8}") = "CatalogService", "CatalogService", "{C3A3D06E-CD8E-47FB-9338-2218FAEA4954}"
EndProject
Project("{FAE04EC0-301F-11D3-BF4B-00C04F79EFBC}") = "CatalogService.API", "src\Services\CatalogService\CatalogService.API\CatalogService.API.csproj", "{2965BEDF-C3CF-49C6-BF5F-E492358A9AEA}"
EndProject
Global
	GlobalSection(SolutionConfigurationPlatforms) = preSolution
		Debug|Any CPU = Debug|Any CPU
		Release|Any CPU = Release|Any CPU
	EndGlobalSection
	GlobalSection(ProjectConfigurationPlatforms) = postSolution
		{4C396829-E783-44E5-80F2-88DA3218ECB0}.Debug|Any CPU.ActiveCfg = Debug|Any CPU
		{4C396829-E783-44E5-80F2-88DA3218ECB0}.Debug|Any CPU.Build.0 = Debug|Any CPU
		{4C396829-E783-44E5-80F2-88DA3218ECB0}.Release|Any CPU.ActiveCfg = Release|Any CPU
		{4C396829-E783-44E5-80F2-88DA3218ECB0}.Release|Any CPU.Build.0 = Release|Any CPU
		{E251EC5E-99B2-41C0-93B7-EF9216D466BF}.Debug|Any CPU.ActiveCfg = Debug|Any CPU
		{E251EC5E-99B2-41C0-93B7-EF9216D466BF}.Debug|Any CPU.Build.0 = Debug|Any CPU
		{E251EC5E-99B2-41C0-93B7-EF9216D466BF}.Release|Any CPU.ActiveCfg = Release|Any CPU
		{E251EC5E-99B2-41C0-93B7-EF9216D466BF}.Release|Any CPU.Build.0 = Release|Any CPU
		{E2C7BD78-5335-47D4-9BB8-03A0388A1739}.Debug|Any CPU.ActiveCfg = Debug|Any CPU
		{E2C7BD78-5335-47D4-9BB8-03A0388A1739}.Debug|Any CPU.Build.0 = Debug|Any CPU
		{E2C7BD78-5335-47D4-9BB8-03A0388A1739}.Release|Any CPU.ActiveCfg = Release|Any CPU
		{E2C7BD78-5335-47D4-9BB8-03A0388A1739}.Release|Any CPU.Build.0 = Release|Any CPU
		{AF459CFB-0194-48FF-A06C-50F17F8C8148}.Debug|Any CPU.ActiveCfg = Debug|Any CPU
		{AF459CFB-0194-48FF-A06C-50F17F8C8148}.Debug|Any CPU.Build.0 = Debug|Any CPU
		{AF459CFB-0194-48FF-A06C-50F17F8C8148}.Release|Any CPU.ActiveCfg = Release|Any CPU
		{AF459CFB-0194-48FF-A06C-50F17F8C8148}.Release|Any CPU.Build.0 = Release|Any CPU
		{6C84AA8D-AC4C-492D-8965-A8CE8FF524E1}.Debug|Any CPU.ActiveCfg = Debug|Any CPU
		{6C84AA8D-AC4C-492D-8965-A8CE8FF524E1}.Debug|Any CPU.Build.0 = Debug|Any CPU
		{6C84AA8D-AC4C-492D-8965-A8CE8FF524E1}.Release|Any CPU.ActiveCfg = Release|Any CPU
		{6C84AA8D-AC4C-492D-8965-A8CE8FF524E1}.Release|Any CPU.Build.0 = Release|Any CPU
		{61FCCE06-36D9-49B0-BA90-09049C2E3E3A}.Debug|Any CPU.ActiveCfg = Debug|Any CPU
		{61FCCE06-36D9-49B0-BA90-09049C2E3E3A}.Debug|Any CPU.Build.0 = Debug|Any CPU
		{61FCCE06-36D9-49B0-BA90-09049C2E3E3A}.Release|Any CPU.ActiveCfg = Release|Any CPU
		{61FCCE06-36D9-49B0-BA90-09049C2E3E3A}.Release|Any CPU.Build.0 = Release|Any CPU
		{9515D432-7224-4D2F-905A-7A4A54B28725}.Debug|Any CPU.ActiveCfg = Debug|Any CPU
		{9515D432-7224-4D2F-905A-7A4A54B28725}.Debug|Any CPU.Build.0 = Debug|Any CPU
		{9515D432-7224-4D2F-905A-7A4A54B28725}.Release|Any CPU.ActiveCfg = Release|Any CPU
		{9515D432-7224-4D2F-905A-7A4A54B28725}.Release|Any CPU.Build.0 = Release|Any CPU
		{3B4F4268-10DD-43E6-81F1-56470B120407}.Debug|Any CPU.ActiveCfg = Debug|Any CPU
		{3B4F4268-10DD-43E6-81F1-56470B120407}.Debug|Any CPU.Build.0 = Debug|Any CPU
		{3B4F4268-10DD-43E6-81F1-56470B120407}.Release|Any CPU.ActiveCfg = Release|Any CPU
		{3B4F4268-10DD-43E6-81F1-56470B120407}.Release|Any CPU.Build.0 = Release|Any CPU
		{484538D6-8F49-4360-8A33-A98E8D39802E}.Debug|Any CPU.ActiveCfg = Debug|Any CPU
		{484538D6-8F49-4360-8A33-A98E8D39802E}.Debug|Any CPU.Build.0 = Debug|Any CPU
		{484538D6-8F49-4360-8A33-A98E8D39802E}.Release|Any CPU.ActiveCfg = Release|Any CPU
		{484538D6-8F49-4360-8A33-A98E8D39802E}.Release|Any CPU.Build.0 = Release|Any CPU
		{62035894-85CF-452B-88FD-47CEBF8EDD7A}.Debug|Any CPU.ActiveCfg = Debug|Any CPU
		{62035894-85CF-452B-88FD-47CEBF8EDD7A}.Debug|Any CPU.Build.0 = Debug|Any CPU
		{62035894-85CF-452B-88FD-47CEBF8EDD7A}.Release|Any CPU.ActiveCfg = Release|Any CPU
		{62035894-85CF-452B-88FD-47CEBF8EDD7A}.Release|Any CPU.Build.0 = Release|Any CPU
		{8A6B2251-0BB9-487A-8AB7-B364A07C46E6}.Debug|Any CPU.ActiveCfg = Debug|Any CPU
		{8A6B2251-0BB9-487A-8AB7-B364A07C46E6}.Debug|Any CPU.Build.0 = Debug|Any CPU
		{8A6B2251-0BB9-487A-8AB7-B364A07C46E6}.Release|Any CPU.ActiveCfg = Release|Any CPU
		{8A6B2251-0BB9-487A-8AB7-B364A07C46E6}.Release|Any CPU.Build.0 = Release|Any CPU
		{F28787A8-0C2D-47B7-80E5-DB0318DECCEE}.Debug|Any CPU.ActiveCfg = Debug|Any CPU
		{F28787A8-0C2D-47B7-80E5-DB0318DECCEE}.Debug|Any CPU.Build.0 = Debug|Any CPU
		{F28787A8-0C2D-47B7-80E5-DB0318DECCEE}.Release|Any CPU.ActiveCfg = Release|Any CPU
		{F28787A8-0C2D-47B7-80E5-DB0318DECCEE}.Release|Any CPU.Build.0 = Release|Any CPU
		{194ACFE3-2ADE-487D-88F1-4185758042F0}.Debug|Any CPU.ActiveCfg = Debug|Any CPU
		{194ACFE3-2ADE-487D-88F1-4185758042F0}.Debug|Any CPU.Build.0 = Debug|Any CPU
		{194ACFE3-2ADE-487D-88F1-4185758042F0}.Release|Any CPU.ActiveCfg = Release|Any CPU
		{194ACFE3-2ADE-487D-88F1-4185758042F0}.Release|Any CPU.Build.0 = Release|Any CPU
		{655631FA-154E-4E0A-A646-FAD2FCAB17F0}.Debug|Any CPU.ActiveCfg = Debug|Any CPU
		{655631FA-154E-4E0A-A646-FAD2FCAB17F0}.Debug|Any CPU.Build.0 = Debug|Any CPU
		{655631FA-154E-4E0A-A646-FAD2FCAB17F0}.Release|Any CPU.ActiveCfg = Release|Any CPU
		{655631FA-154E-4E0A-A646-FAD2FCAB17F0}.Release|Any CPU.Build.0 = Release|Any CPU
		{CD6D93D5-ADA3-455F-9D88-F7B5901BACAF}.Debug|Any CPU.ActiveCfg = Debug|Any CPU
		{CD6D93D5-ADA3-455F-9D88-F7B5901BACAF}.Debug|Any CPU.Build.0 = Debug|Any CPU
		{CD6D93D5-ADA3-455F-9D88-F7B5901BACAF}.Release|Any CPU.ActiveCfg = Release|Any CPU
		{CD6D93D5-ADA3-455F-9D88-F7B5901BACAF}.Release|Any CPU.Build.0 = Release|Any CPU
		{2965BEDF-C3CF-49C6-BF5F-E492358A9AEA}.Debug|Any CPU.ActiveCfg = Debug|Any CPU
		{2965BEDF-C3CF-49C6-BF5F-E492358A9AEA}.Debug|Any CPU.Build.0 = Debug|Any CPU
		{2965BEDF-C3CF-49C6-BF5F-E492358A9AEA}.Release|Any CPU.ActiveCfg = Release|Any CPU
		{2965BEDF-C3CF-49C6-BF5F-E492358A9AEA}.Release|Any CPU.Build.0 = Release|Any CPU
	EndGlobalSection
	GlobalSection(SolutionProperties) = preSolution
		HideSolutionNode = FALSE
	EndGlobalSection
	GlobalSection(NestedProjects) = preSolution
		{5C783CA8-CC76-4752-9F8F-4136B8137368} = {727534F0-79BA-4B81-85FE-BC656C96DDD7}
		{D1401566-1AF7-44AB-95EC-ECF8C1D44819} = {727534F0-79BA-4B81-85FE-BC656C96DDD7}
		{C22C9984-0E32-4C1D-A508-CF01B57CA660} = {727534F0-79BA-4B81-85FE-BC656C96DDD7}
		{9F4994BB-3309-4E97-AB0A-407FCA614DF0} = {727534F0-79BA-4B81-85FE-BC656C96DDD7}
		{9AA4996C-2651-40AB-90FA-7D12DFE594DD} = {5C783CA8-CC76-4752-9F8F-4136B8137368}
		{4C396829-E783-44E5-80F2-88DA3218ECB0} = {9AA4996C-2651-40AB-90FA-7D12DFE594DD}
		{4E8D6891-B4CE-48B5-B336-74B7B0C259E3} = {D1401566-1AF7-44AB-95EC-ECF8C1D44819}
		{E251EC5E-99B2-41C0-93B7-EF9216D466BF} = {4E8D6891-B4CE-48B5-B336-74B7B0C259E3}
		{E2C7BD78-5335-47D4-9BB8-03A0388A1739} = {4E8D6891-B4CE-48B5-B336-74B7B0C259E3}
		{AF459CFB-0194-48FF-A06C-50F17F8C8148} = {4E8D6891-B4CE-48B5-B336-74B7B0C259E3}
		{6C84AA8D-AC4C-492D-8965-A8CE8FF524E1} = {4E8D6891-B4CE-48B5-B336-74B7B0C259E3}
		{E83E7D5E-26D9-463C-BC5F-BBCA181BDD36} = {9F4994BB-3309-4E97-AB0A-407FCA614DF0}
		{61FCCE06-36D9-49B0-BA90-09049C2E3E3A} = {E83E7D5E-26D9-463C-BC5F-BBCA181BDD36}
		{BDD2598F-FF0B-44E8-A038-6BD36B0D7AB8} = {C22C9984-0E32-4C1D-A508-CF01B57CA660}
		{9515D432-7224-4D2F-905A-7A4A54B28725} = {BDD2598F-FF0B-44E8-A038-6BD36B0D7AB8}
		{F1EA71B3-BC58-4E77-8EE5-4D6B3614836D} = {C22C9984-0E32-4C1D-A508-CF01B57CA660}
		{3B4F4268-10DD-43E6-81F1-56470B120407} = {F1EA71B3-BC58-4E77-8EE5-4D6B3614836D}
		{7D013BAC-A346-4D99-84C4-FE19CDCDAA6F} = {C22C9984-0E32-4C1D-A508-CF01B57CA660}
		{484538D6-8F49-4360-8A33-A98E8D39802E} = {7D013BAC-A346-4D99-84C4-FE19CDCDAA6F}
		{F622F8F1-437D-48CD-B185-2683544078F3} = {C22C9984-0E32-4C1D-A508-CF01B57CA660}
		{62035894-85CF-452B-88FD-47CEBF8EDD7A} = {F622F8F1-437D-48CD-B185-2683544078F3}
		{8A6B2251-0BB9-487A-8AB7-B364A07C46E6} = {F622F8F1-437D-48CD-B185-2683544078F3}
		{F28787A8-0C2D-47B7-80E5-DB0318DECCEE} = {F622F8F1-437D-48CD-B185-2683544078F3}
		{194ACFE3-2ADE-487D-88F1-4185758042F0} = {F622F8F1-437D-48CD-B185-2683544078F3}
		{94C29B6B-2B3C-45C6-A7FD-340CA3A8C39A} = {C22C9984-0E32-4C1D-A508-CF01B57CA660}
		{655631FA-154E-4E0A-A646-FAD2FCAB17F0} = {94C29B6B-2B3C-45C6-A7FD-340CA3A8C39A}
		{B8A9071F-059E-4686-8AC9-61D8EDE4C69A} = {90DF0A6F-1297-47B0-88CD-4E7C60A02A02}
		{CD6D93D5-ADA3-455F-9D88-F7B5901BACAF} = {B8A9071F-059E-4686-8AC9-61D8EDE4C69A}
		{C3A3D06E-CD8E-47FB-9338-2218FAEA4954} = {C22C9984-0E32-4C1D-A508-CF01B57CA660}
		{2965BEDF-C3CF-49C6-BF5F-E492358A9AEA} = {C3A3D06E-CD8E-47FB-9338-2218FAEA4954}
	EndGlobalSection
	GlobalSection(ExtensibilityGlobals) = postSolution
		SolutionGuid = {A9927BE5-8CE0-495C-A2D1-EA7BFB9B651E}
	EndGlobalSection
EndGlobal
